{
  "name": "api-lambda-crud-dynamodb",
  "version": "1.0.0",
  "lockfileVersion": 2,
  "requires": true,
  "packages": {
    "": {
      "name": "api-lambda-crud-dynamodb",
      "version": "1.0.0",
      "license": "MIT",
      "dependencies": {
        "aws-cdk-lib": "^2.0.0",
        "constructs": "^10.0.0"
      },
      "devDependencies": {
        "@types/node": "*",
        "aws-cdk": "*",
        "esbuild": "*",
        "typescript": "~4.7.4"
      }
    },
    "node_modules/@esbuild/android-arm": {
      "version": "0.17.1",
      "resolved": "https://registry.npmjs.org/@esbuild/android-arm/-/android-arm-0.17.1.tgz",
      "integrity": "sha512-8ygAO+wxS3XcTxY0iuitMsttSIBUCSyVewCROQ0cdnp6u62qG+BWBjUxosUZ1EzxbblBJ2CjZwmbqSXjDO1P/w==",
      "cpu": [
        "arm"
      ],
      "dev": true,
      "optional": true,
      "os": [
        "android"
      ],
      "engines": {
        "node": ">=12"
      }
    },
    "node_modules/@esbuild/android-arm64": {
      "version": "0.17.1",
      "resolved": "https://registry.npmjs.org/@esbuild/android-arm64/-/android-arm64-0.17.1.tgz",
      "integrity": "sha512-qM6pyZ8sZsPe8/UzEMC93wL9c1b81VmPs/P4VQ+1v27SBu3pD08wo5nMm03KZos7TcH5f1dLRBt1VhN8JX53zA==",
      "cpu": [
        "arm64"
      ],
      "dev": true,
      "optional": true,
      "os": [
        "android"
      ],
      "engines": {
        "node": ">=12"
      }
    },
    "node_modules/@esbuild/android-x64": {
      "version": "0.17.1",
      "resolved": "https://registry.npmjs.org/@esbuild/android-x64/-/android-x64-0.17.1.tgz",
      "integrity": "sha512-MCVchLyxgjupI53HbVd/qf/4kgLxzJVBPzZdPjgfSaRYR3Ak15v5bEnJ2Vt/0c9+E2cRbv6Q+LH17c7askB3IQ==",
      "cpu": [
        "x64"
      ],
      "dev": true,
      "optional": true,
      "os": [
        "android"
      ],
      "engines": {
        "node": ">=12"
      }
    },
    "node_modules/@esbuild/darwin-arm64": {
      "version": "0.17.1",
      "resolved": "https://registry.npmjs.org/@esbuild/darwin-arm64/-/darwin-arm64-0.17.1.tgz",
      "integrity": "sha512-5N+dDwxOoseOci8h12b/EjIlnYY48KBDGAKFo+XUXRZhLz1UhVrASzJChDOrZPQt9uy4+qMZQmLuT7Jm4rKFaw==",
      "cpu": [
        "arm64"
      ],
      "dev": true,
      "optional": true,
      "os": [
        "darwin"
      ],
      "engines": {
        "node": ">=12"
      }
    },
    "node_modules/@esbuild/darwin-x64": {
      "version": "0.17.1",
      "resolved": "https://registry.npmjs.org/@esbuild/darwin-x64/-/darwin-x64-0.17.1.tgz",
      "integrity": "sha512-fOXElELW/5siabypVqKTH++WtxVR7IhGvRkS6VKzffW+Kx9Yi5WwRaKG8iwb9QGwFfAKGLYxv73k6NAekkzIvw==",
      "cpu": [
        "x64"
      ],
      "dev": true,
      "optional": true,
      "os": [
        "darwin"
      ],
      "engines": {
        "node": ">=12"
      }
    },
    "node_modules/@esbuild/freebsd-arm64": {
      "version": "0.17.1",
      "resolved": "https://registry.npmjs.org/@esbuild/freebsd-arm64/-/freebsd-arm64-0.17.1.tgz",
      "integrity": "sha512-yEXsg9KggF6p1qqwb2ZIKPeMv3znU9zQ4xu4fi3GmCDmqMGXpzR6vBFVYlrMgGOGN1shHcKnMp/HhEp4mdkLGQ==",
      "cpu": [
        "arm64"
      ],
      "dev": true,
      "optional": true,
      "os": [
        "freebsd"
      ],
      "engines": {
        "node": ">=12"
      }
    },
    "node_modules/@esbuild/freebsd-x64": {
      "version": "0.17.1",
      "resolved": "https://registry.npmjs.org/@esbuild/freebsd-x64/-/freebsd-x64-0.17.1.tgz",
      "integrity": "sha512-wBoJECwLWzapCND5Ime9G5QY5B/cLLXh4oCtUMnckcV5D4rL5M5WN63zOMWjFDDGpiPhnePHaDnRSV8AhxdUMg==",
      "cpu": [
        "x64"
      ],
      "dev": true,
      "optional": true,
      "os": [
        "freebsd"
      ],
      "engines": {
        "node": ">=12"
      }
    },
    "node_modules/@esbuild/linux-arm": {
      "version": "0.17.1",
      "resolved": "https://registry.npmjs.org/@esbuild/linux-arm/-/linux-arm-0.17.1.tgz",
      "integrity": "sha512-TIF51ocfKxPzyxE8llGWjS9fZB3916ZppHeZc14MokEzD4G9C0orDRD/VIVxoyln1bAQdWFJSHJ55JPmF7WhoQ==",
      "cpu": [
        "arm"
      ],
      "dev": true,
      "optional": true,
      "os": [
        "linux"
      ],
      "engines": {
        "node": ">=12"
      }
    },
    "node_modules/@esbuild/linux-arm64": {
      "version": "0.17.1",
      "resolved": "https://registry.npmjs.org/@esbuild/linux-arm64/-/linux-arm64-0.17.1.tgz",
      "integrity": "sha512-oCsBA1dzzo78yPjW5FLt1DfNa6tGgHl/2UQL5EC2yhDvCX0jCpvNbD4X+oqJP37dng9e1dv9H1n4C8N4tvy5GQ==",
      "cpu": [
        "arm64"
      ],
      "dev": true,
      "optional": true,
      "os": [
        "linux"
      ],
      "engines": {
        "node": ">=12"
      }
    },
    "node_modules/@esbuild/linux-ia32": {
      "version": "0.17.1",
      "resolved": "https://registry.npmjs.org/@esbuild/linux-ia32/-/linux-ia32-0.17.1.tgz",
      "integrity": "sha512-6HLCE3SA+qv1RWhBnj0AKUfZh2bH/D5wyvq2JaqgtK6WES6S/3B1u9g1b5lO5UT56Z74LAf2z2sqVdUwmfHbjQ==",
      "cpu": [
        "ia32"
      ],
      "dev": true,
      "optional": true,
      "os": [
        "linux"
      ],
      "engines": {
        "node": ">=12"
      }
    },
    "node_modules/@esbuild/linux-loong64": {
      "version": "0.17.1",
      "resolved": "https://registry.npmjs.org/@esbuild/linux-loong64/-/linux-loong64-0.17.1.tgz",
      "integrity": "sha512-hm/ZVD0YMJq5UUkyrhEDFM2z1v4iTKBFeOEL3yXhNLeOpbFQ2Z9oI5l7FTaeLpXrqgO6q/9C8LajY5yVCHpHnQ==",
      "cpu": [
        "loong64"
      ],
      "dev": true,
      "optional": true,
      "os": [
        "linux"
      ],
      "engines": {
        "node": ">=12"
      }
    },
    "node_modules/@esbuild/linux-mips64el": {
      "version": "0.17.1",
      "resolved": "https://registry.npmjs.org/@esbuild/linux-mips64el/-/linux-mips64el-0.17.1.tgz",
      "integrity": "sha512-FjUTo3aDHy0g+4aKjuQl576wSOzcfKrYYyhQKRTmeEZIaYKHu6/iLQkSqB1EBbfKcn6gHqO3Fb9PoBF9cWC5Gg==",
      "cpu": [
        "mips64el"
      ],
      "dev": true,
      "optional": true,
      "os": [
        "linux"
      ],
      "engines": {
        "node": ">=12"
      }
    },
    "node_modules/@esbuild/linux-ppc64": {
      "version": "0.17.1",
      "resolved": "https://registry.npmjs.org/@esbuild/linux-ppc64/-/linux-ppc64-0.17.1.tgz",
      "integrity": "sha512-R8HchAp+w6Ar85mEMZHobmLO6fT6/6CW6m8cq+dz4APHaHv24qNxJKJiceJALM//mvGnP/wVoLsJCmE6Wv3N8g==",
      "cpu": [
        "ppc64"
      ],
      "dev": true,
      "optional": true,
      "os": [
        "linux"
      ],
      "engines": {
        "node": ">=12"
      }
    },
    "node_modules/@esbuild/linux-riscv64": {
      "version": "0.17.1",
      "resolved": "https://registry.npmjs.org/@esbuild/linux-riscv64/-/linux-riscv64-0.17.1.tgz",
      "integrity": "sha512-qg7+k7K5hmpqmbyHmxhSoLfY+SNd+KhC+u0xfo4Pwf0Spn72ldM+FxKntmx6zhwQ9yE9KfAapoK/L1WOh9lV8g==",
      "cpu": [
        "riscv64"
      ],
      "dev": true,
      "optional": true,
      "os": [
        "linux"
      ],
      "engines": {
        "node": ">=12"
      }
    },
    "node_modules/@esbuild/linux-s390x": {
      "version": "0.17.1",
      "resolved": "https://registry.npmjs.org/@esbuild/linux-s390x/-/linux-s390x-0.17.1.tgz",
      "integrity": "sha512-oWqggXTbGp5PaBFIkEzA371aoTWHA7rjzWIysiRubYzjXxHy60qzkdZD1OaS44EMRiMItxUj8UeC3fpU+Z7qgg==",
      "cpu": [
        "s390x"
      ],
      "dev": true,
      "optional": true,
      "os": [
        "linux"
      ],
      "engines": {
        "node": ">=12"
      }
    },
    "node_modules/@esbuild/linux-x64": {
      "version": "0.17.1",
      "resolved": "https://registry.npmjs.org/@esbuild/linux-x64/-/linux-x64-0.17.1.tgz",
      "integrity": "sha512-voMDzuiqd5eV0OTkbOJkEwxkjxpCEQPPQUyljpv/agU12CGxQACmjHeiWGtoVKRbrQOWRDZ2SWFsiT4mQiKuog==",
      "cpu": [
        "x64"
      ],
      "dev": true,
      "optional": true,
      "os": [
        "linux"
      ],
      "engines": {
        "node": ">=12"
      }
    },
    "node_modules/@esbuild/netbsd-x64": {
      "version": "0.17.1",
      "resolved": "https://registry.npmjs.org/@esbuild/netbsd-x64/-/netbsd-x64-0.17.1.tgz",
      "integrity": "sha512-TrYeatKXA6XIpJ+Lo1qBiYRokSB3EE6b/KxDk7NeD47Zx5k7QrwCEMTlFJGcy2eUlRnbDDMqY4LaRO/GniU8RA==",
      "cpu": [
        "x64"
      ],
      "dev": true,
      "optional": true,
      "os": [
        "netbsd"
      ],
      "engines": {
        "node": ">=12"
      }
    },
    "node_modules/@esbuild/openbsd-x64": {
      "version": "0.17.1",
      "resolved": "https://registry.npmjs.org/@esbuild/openbsd-x64/-/openbsd-x64-0.17.1.tgz",
      "integrity": "sha512-VsTWuIKS7dYGHxLfoQeSBC+f4lCf1Lyd2I4QJclneu/5Ldw/evHMd1zwZUWZs7lGZsyrwssu0vAWERMsXnU2yQ==",
      "cpu": [
        "x64"
      ],
      "dev": true,
      "optional": true,
      "os": [
        "openbsd"
      ],
      "engines": {
        "node": ">=12"
      }
    },
    "node_modules/@esbuild/sunos-x64": {
      "version": "0.17.1",
      "resolved": "https://registry.npmjs.org/@esbuild/sunos-x64/-/sunos-x64-0.17.1.tgz",
      "integrity": "sha512-36tkLA020bZJ1pjr3lflHe0lUwJ6fTmp+MabTFW2RZ5+G3c3QudELm4TvxN/HyJqJgWAFE3/3aT7oeUUiak1rw==",
      "cpu": [
        "x64"
      ],
      "dev": true,
      "optional": true,
      "os": [
        "sunos"
      ],
      "engines": {
        "node": ">=12"
      }
    },
    "node_modules/@esbuild/win32-arm64": {
      "version": "0.17.1",
      "resolved": "https://registry.npmjs.org/@esbuild/win32-arm64/-/win32-arm64-0.17.1.tgz",
      "integrity": "sha512-mb1cy86vHBl1lxJhM3XiIGRKRgIO4WxS7/QW01feZuMkApL4RlMdlm95npTZInuh4gPeHEIxziifky5Okayupg==",
      "cpu": [
        "arm64"
      ],
      "dev": true,
      "optional": true,
      "os": [
        "win32"
      ],
      "engines": {
        "node": ">=12"
      }
    },
    "node_modules/@esbuild/win32-ia32": {
      "version": "0.17.1",
      "resolved": "https://registry.npmjs.org/@esbuild/win32-ia32/-/win32-ia32-0.17.1.tgz",
      "integrity": "sha512-jVhYBHXOIhVj899BzcEj7fOnipgU+ZL25gfcEgAk1u64FlDMJXwF+VJpbWWyQzRWiWDuri6lIR3aXPJn7IyxBQ==",
      "cpu": [
        "ia32"
      ],
      "dev": true,
      "optional": true,
      "os": [
        "win32"
      ],
      "engines": {
        "node": ">=12"
      }
    },
    "node_modules/@esbuild/win32-x64": {
      "version": "0.17.1",
      "resolved": "https://registry.npmjs.org/@esbuild/win32-x64/-/win32-x64-0.17.1.tgz",
      "integrity": "sha512-cxPkULF0VQRBKAaT6EpX5q1zLQJZk6bXsTDoVSN2lW8kITvQ12e3yI56aCE12OOtwPZ7L2WDN4yws9iG81Dzuw==",
      "cpu": [
        "x64"
      ],
      "dev": true,
      "optional": true,
      "os": [
        "win32"
      ],
      "engines": {
        "node": ">=12"
      }
    },
    "node_modules/@types/node": {
      "version": "17.0.23",
      "dev": true,
      "license": "MIT"
    },
    "node_modules/aws-cdk": {
      "version": "2.20.0",
      "dev": true,
      "license": "Apache-2.0",
      "bin": {
        "cdk": "bin/cdk"
      },
      "engines": {
        "node": ">= 14.15.0"
      },
      "optionalDependencies": {
        "fsevents": "2.3.2"
      }
    },
    "node_modules/aws-cdk-lib": {
      "version": "2.20.0",
      "bundleDependencies": [
        "@balena/dockerignore",
        "case",
        "fs-extra",
        "ignore",
        "jsonschema",
        "minimatch",
        "punycode",
        "semver",
        "yaml"
      ],
      "license": "Apache-2.0",
      "dependencies": {
        "@balena/dockerignore": "^1.0.2",
        "case": "1.6.3",
        "fs-extra": "^9.1.0",
        "ignore": "^5.2.0",
        "jsonschema": "^1.4.0",
        "minimatch": "^3.1.2",
        "punycode": "^2.1.1",
        "semver": "^7.3.5",
        "yaml": "1.10.2"
      },
      "engines": {
        "node": ">= 14.15.0"
      },
      "peerDependencies": {
        "constructs": "^10.0.0"
      }
    },
    "node_modules/aws-cdk-lib/node_modules/@balena/dockerignore": {
      "version": "1.0.2",
      "inBundle": true,
      "license": "Apache-2.0"
    },
    "node_modules/aws-cdk-lib/node_modules/at-least-node": {
      "version": "1.0.0",
      "inBundle": true,
      "license": "ISC",
      "engines": {
        "node": ">= 4.0.0"
      }
    },
    "node_modules/aws-cdk-lib/node_modules/balanced-match": {
      "version": "1.0.2",
      "inBundle": true,
      "license": "MIT"
    },
    "node_modules/aws-cdk-lib/node_modules/brace-expansion": {
      "version": "1.1.11",
      "inBundle": true,
      "license": "MIT",
      "dependencies": {
        "balanced-match": "^1.0.0",
        "concat-map": "0.0.1"
      }
    },
    "node_modules/aws-cdk-lib/node_modules/case": {
      "version": "1.6.3",
      "inBundle": true,
      "license": "(MIT OR GPL-3.0-or-later)",
      "engines": {
        "node": ">= 0.8.0"
      }
    },
    "node_modules/aws-cdk-lib/node_modules/concat-map": {
      "version": "0.0.1",
      "inBundle": true,
      "license": "MIT"
    },
    "node_modules/aws-cdk-lib/node_modules/fs-extra": {
      "version": "9.1.0",
      "inBundle": true,
      "license": "MIT",
      "dependencies": {
        "at-least-node": "^1.0.0",
        "graceful-fs": "^4.2.0",
        "jsonfile": "^6.0.1",
        "universalify": "^2.0.0"
      },
      "engines": {
        "node": ">=10"
      }
    },
    "node_modules/aws-cdk-lib/node_modules/graceful-fs": {
      "version": "4.2.9",
      "inBundle": true,
      "license": "ISC"
    },
    "node_modules/aws-cdk-lib/node_modules/ignore": {
      "version": "5.2.0",
      "inBundle": true,
      "license": "MIT",
      "engines": {
        "node": ">= 4"
      }
    },
    "node_modules/aws-cdk-lib/node_modules/jsonfile": {
      "version": "6.1.0",
      "inBundle": true,
      "license": "MIT",
      "dependencies": {
        "universalify": "^2.0.0"
      },
      "optionalDependencies": {
        "graceful-fs": "^4.1.6"
      }
    },
    "node_modules/aws-cdk-lib/node_modules/jsonschema": {
      "version": "1.4.0",
      "inBundle": true,
      "license": "MIT",
      "engines": {
        "node": "*"
      }
    },
    "node_modules/aws-cdk-lib/node_modules/lru-cache": {
      "version": "6.0.0",
      "inBundle": true,
      "license": "ISC",
      "dependencies": {
        "yallist": "^4.0.0"
      },
      "engines": {
        "node": ">=10"
      }
    },
    "node_modules/aws-cdk-lib/node_modules/minimatch": {
      "version": "3.1.2",
      "inBundle": true,
      "license": "ISC",
      "dependencies": {
        "brace-expansion": "^1.1.7"
      },
      "engines": {
        "node": "*"
      }
    },
    "node_modules/aws-cdk-lib/node_modules/punycode": {
      "version": "2.1.1",
      "inBundle": true,
      "license": "MIT",
      "engines": {
        "node": ">=6"
      }
    },
    "node_modules/aws-cdk-lib/node_modules/semver": {
      "version": "7.3.5",
      "inBundle": true,
      "license": "ISC",
      "dependencies": {
        "lru-cache": "^6.0.0"
      },
      "bin": {
        "semver": "bin/semver.js"
      },
      "engines": {
        "node": ">=10"
      }
    },
    "node_modules/aws-cdk-lib/node_modules/universalify": {
      "version": "2.0.0",
      "inBundle": true,
      "license": "MIT",
      "engines": {
        "node": ">= 10.0.0"
      }
    },
    "node_modules/aws-cdk-lib/node_modules/yallist": {
      "version": "4.0.0",
      "inBundle": true,
      "license": "ISC"
    },
    "node_modules/aws-cdk-lib/node_modules/yaml": {
      "version": "1.10.2",
      "inBundle": true,
      "license": "ISC",
      "engines": {
        "node": ">= 6"
      }
    },
    "node_modules/constructs": {
      "version": "10.0.112",
      "license": "Apache-2.0",
      "engines": {
        "node": ">= 12.7.0"
      }
    },
    "node_modules/esbuild": {
      "version": "0.17.1",
      "resolved": "https://registry.npmjs.org/esbuild/-/esbuild-0.17.1.tgz",
      "integrity": "sha512-4r4MuPOl9SOBwAgs6Q73qklLWZmYk7FMlidseFgCN3LVjq8pWt422LioUczLd9SYcMiiecikWvyDoCwbEXUbfw==",
      "dev": true,
      "hasInstallScript": true,
      "bin": {
        "esbuild": "bin/esbuild"
      },
      "engines": {
        "node": ">=12"
      },
      "optionalDependencies": {
        "@esbuild/android-arm": "0.17.1",
        "@esbuild/android-arm64": "0.17.1",
        "@esbuild/android-x64": "0.17.1",
        "@esbuild/darwin-arm64": "0.17.1",
        "@esbuild/darwin-x64": "0.17.1",
        "@esbuild/freebsd-arm64": "0.17.1",
        "@esbuild/freebsd-x64": "0.17.1",
        "@esbuild/linux-arm": "0.17.1",
        "@esbuild/linux-arm64": "0.17.1",
        "@esbuild/linux-ia32": "0.17.1",
        "@esbuild/linux-loong64": "0.17.1",
        "@esbuild/linux-mips64el": "0.17.1",
        "@esbuild/linux-ppc64": "0.17.1",
        "@esbuild/linux-riscv64": "0.17.1",
        "@esbuild/linux-s390x": "0.17.1",
        "@esbuild/linux-x64": "0.17.1",
        "@esbuild/netbsd-x64": "0.17.1",
        "@esbuild/openbsd-x64": "0.17.1",
        "@esbuild/sunos-x64": "0.17.1",
        "@esbuild/win32-arm64": "0.17.1",
        "@esbuild/win32-ia32": "0.17.1",
        "@esbuild/win32-x64": "0.17.1"
      }
    },
    "node_modules/fsevents": {
      "version": "2.3.2",
      "dev": true,
      "license": "MIT",
      "optional": true,
      "os": [
        "darwin"
      ],
      "engines": {
        "node": "^8.16.0 || ^10.6.0 || >=11.0.0"
      }
    },
    "node_modules/typescript": {
      "version": "4.7.4",
      "resolved": "https://registry.npmjs.org/typescript/-/typescript-4.7.4.tgz",
      "integrity": "sha512-C0WQT0gezHuw6AdY1M2jxUO83Rjf0HP7Sk1DtXj6j1EwkQNZrHAg2XPWlq62oqEhYvONq5pkC2Y9oPljWToLmQ==",
      "dev": true,
      "bin": {
        "tsc": "bin/tsc",
        "tsserver": "bin/tsserver"
      },
      "engines": {
        "node": ">=4.2.0"
      }
    }
  },
  "dependencies": {
    "@esbuild/android-arm": {
      "version": "0.17.1",
      "resolved": "https://registry.npmjs.org/@esbuild/android-arm/-/android-arm-0.17.1.tgz",
      "integrity": "sha512-8ygAO+wxS3XcTxY0iuitMsttSIBUCSyVewCROQ0cdnp6u62qG+BWBjUxosUZ1EzxbblBJ2CjZwmbqSXjDO1P/w==",
      "dev": true,
      "optional": true
    },
    "@esbuild/android-arm64": {
      "version": "0.17.1",
      "resolved": "https://registry.npmjs.org/@esbuild/android-arm64/-/android-arm64-0.17.1.tgz",
      "integrity": "sha512-qM6pyZ8sZsPe8/UzEMC93wL9c1b81VmPs/P4VQ+1v27SBu3pD08wo5nMm03KZos7TcH5f1dLRBt1VhN8JX53zA==",
      "dev": true,
      "optional": true
    },
    "@esbuild/android-x64": {
      "version": "0.17.1",
      "resolved": "https://registry.npmjs.org/@esbuild/android-x64/-/android-x64-0.17.1.tgz",
      "integrity": "sha512-MCVchLyxgjupI53HbVd/qf/4kgLxzJVBPzZdPjgfSaRYR3Ak15v5bEnJ2Vt/0c9+E2cRbv6Q+LH17c7askB3IQ==",
      "dev": true,
      "optional": true
    },
    "@esbuild/darwin-arm64": {
      "version": "0.17.1",
      "resolved": "https://registry.npmjs.org/@esbuild/darwin-arm64/-/darwin-arm64-0.17.1.tgz",
      "integrity": "sha512-5N+dDwxOoseOci8h12b/EjIlnYY48KBDGAKFo+XUXRZhLz1UhVrASzJChDOrZPQt9uy4+qMZQmLuT7Jm4rKFaw==",
      "dev": true,
      "optional": true
    },
    "@esbuild/darwin-x64": {
      "version": "0.17.1",
      "resolved": "https://registry.npmjs.org/@esbuild/darwin-x64/-/darwin-x64-0.17.1.tgz",
      "integrity": "sha512-fOXElELW/5siabypVqKTH++WtxVR7IhGvRkS6VKzffW+Kx9Yi5WwRaKG8iwb9QGwFfAKGLYxv73k6NAekkzIvw==",
      "dev": true,
      "optional": true
    },
    "@esbuild/freebsd-arm64": {
      "version": "0.17.1",
      "resolved": "https://registry.npmjs.org/@esbuild/freebsd-arm64/-/freebsd-arm64-0.17.1.tgz",
      "integrity": "sha512-yEXsg9KggF6p1qqwb2ZIKPeMv3znU9zQ4xu4fi3GmCDmqMGXpzR6vBFVYlrMgGOGN1shHcKnMp/HhEp4mdkLGQ==",
      "dev": true,
      "optional": true
    },
    "@esbuild/freebsd-x64": {
      "version": "0.17.1",
      "resolved": "https://registry.npmjs.org/@esbuild/freebsd-x64/-/freebsd-x64-0.17.1.tgz",
      "integrity": "sha512-wBoJECwLWzapCND5Ime9G5QY5B/cLLXh4oCtUMnckcV5D4rL5M5WN63zOMWjFDDGpiPhnePHaDnRSV8AhxdUMg==",
      "dev": true,
      "optional": true
    },
    "@esbuild/linux-arm": {
      "version": "0.17.1",
      "resolved": "https://registry.npmjs.org/@esbuild/linux-arm/-/linux-arm-0.17.1.tgz",
      "integrity": "sha512-TIF51ocfKxPzyxE8llGWjS9fZB3916ZppHeZc14MokEzD4G9C0orDRD/VIVxoyln1bAQdWFJSHJ55JPmF7WhoQ==",
      "dev": true,
      "optional": true
    },
    "@esbuild/linux-arm64": {
      "version": "0.17.1",
      "resolved": "https://registry.npmjs.org/@esbuild/linux-arm64/-/linux-arm64-0.17.1.tgz",
      "integrity": "sha512-oCsBA1dzzo78yPjW5FLt1DfNa6tGgHl/2UQL5EC2yhDvCX0jCpvNbD4X+oqJP37dng9e1dv9H1n4C8N4tvy5GQ==",
      "dev": true,
      "optional": true
    },
    "@esbuild/linux-ia32": {
      "version": "0.17.1",
      "resolved": "https://registry.npmjs.org/@esbuild/linux-ia32/-/linux-ia32-0.17.1.tgz",
      "integrity": "sha512-6HLCE3SA+qv1RWhBnj0AKUfZh2bH/D5wyvq2JaqgtK6WES6S/3B1u9g1b5lO5UT56Z74LAf2z2sqVdUwmfHbjQ==",
      "dev": true,
      "optional": true
    },
    "@esbuild/linux-loong64": {
      "version": "0.17.1",
      "resolved": "https://registry.npmjs.org/@esbuild/linux-loong64/-/linux-loong64-0.17.1.tgz",
      "integrity": "sha512-hm/ZVD0YMJq5UUkyrhEDFM2z1v4iTKBFeOEL3yXhNLeOpbFQ2Z9oI5l7FTaeLpXrqgO6q/9C8LajY5yVCHpHnQ==",
      "dev": true,
      "optional": true
    },
    "@esbuild/linux-mips64el": {
      "version": "0.17.1",
      "resolved": "https://registry.npmjs.org/@esbuild/linux-mips64el/-/linux-mips64el-0.17.1.tgz",
      "integrity": "sha512-FjUTo3aDHy0g+4aKjuQl576wSOzcfKrYYyhQKRTmeEZIaYKHu6/iLQkSqB1EBbfKcn6gHqO3Fb9PoBF9cWC5Gg==",
      "dev": true,
      "optional": true
    },
    "@esbuild/linux-ppc64": {
      "version": "0.17.1",
      "resolved": "https://registry.npmjs.org/@esbuild/linux-ppc64/-/linux-ppc64-0.17.1.tgz",
      "integrity": "sha512-R8HchAp+w6Ar85mEMZHobmLO6fT6/6CW6m8cq+dz4APHaHv24qNxJKJiceJALM//mvGnP/wVoLsJCmE6Wv3N8g==",
      "dev": true,
      "optional": true
    },
    "@esbuild/linux-riscv64": {
      "version": "0.17.1",
      "resolved": "https://registry.npmjs.org/@esbuild/linux-riscv64/-/linux-riscv64-0.17.1.tgz",
      "integrity": "sha512-qg7+k7K5hmpqmbyHmxhSoLfY+SNd+KhC+u0xfo4Pwf0Spn72ldM+FxKntmx6zhwQ9yE9KfAapoK/L1WOh9lV8g==",
      "dev": true,
      "optional": true
    },
    "@esbuild/linux-s390x": {
      "version": "0.17.1",
      "resolved": "https://registry.npmjs.org/@esbuild/linux-s390x/-/linux-s390x-0.17.1.tgz",
      "integrity": "sha512-oWqggXTbGp5PaBFIkEzA371aoTWHA7rjzWIysiRubYzjXxHy60qzkdZD1OaS44EMRiMItxUj8UeC3fpU+Z7qgg==",
      "dev": true,
      "optional": true
    },
    "@esbuild/linux-x64": {
      "version": "0.17.1",
      "resolved": "https://registry.npmjs.org/@esbuild/linux-x64/-/linux-x64-0.17.1.tgz",
      "integrity": "sha512-voMDzuiqd5eV0OTkbOJkEwxkjxpCEQPPQUyljpv/agU12CGxQACmjHeiWGtoVKRbrQOWRDZ2SWFsiT4mQiKuog==",
      "dev": true,
      "optional": true
    },
    "@esbuild/netbsd-x64": {
      "version": "0.17.1",
      "resolved": "https://registry.npmjs.org/@esbuild/netbsd-x64/-/netbsd-x64-0.17.1.tgz",
      "integrity": "sha512-TrYeatKXA6XIpJ+Lo1qBiYRokSB3EE6b/KxDk7NeD47Zx5k7QrwCEMTlFJGcy2eUlRnbDDMqY4LaRO/GniU8RA==",
      "dev": true,
      "optional": true
    },
    "@esbuild/openbsd-x64": {
      "version": "0.17.1",
      "resolved": "https://registry.npmjs.org/@esbuild/openbsd-x64/-/openbsd-x64-0.17.1.tgz",
      "integrity": "sha512-VsTWuIKS7dYGHxLfoQeSBC+f4lCf1Lyd2I4QJclneu/5Ldw/evHMd1zwZUWZs7lGZsyrwssu0vAWERMsXnU2yQ==",
      "dev": true,
      "optional": true
    },
    "@esbuild/sunos-x64": {
      "version": "0.17.1",
      "resolved": "https://registry.npmjs.org/@esbuild/sunos-x64/-/sunos-x64-0.17.1.tgz",
      "integrity": "sha512-36tkLA020bZJ1pjr3lflHe0lUwJ6fTmp+MabTFW2RZ5+G3c3QudELm4TvxN/HyJqJgWAFE3/3aT7oeUUiak1rw==",
      "dev": true,
      "optional": true
    },
    "@esbuild/win32-arm64": {
      "version": "0.17.1",
      "resolved": "https://registry.npmjs.org/@esbuild/win32-arm64/-/win32-arm64-0.17.1.tgz",
      "integrity": "sha512-mb1cy86vHBl1lxJhM3XiIGRKRgIO4WxS7/QW01feZuMkApL4RlMdlm95npTZInuh4gPeHEIxziifky5Okayupg==",
      "dev": true,
      "optional": true
    },
    "@esbuild/win32-ia32": {
      "version": "0.17.1",
      "resolved": "https://registry.npmjs.org/@esbuild/win32-ia32/-/win32-ia32-0.17.1.tgz",
      "integrity": "sha512-jVhYBHXOIhVj899BzcEj7fOnipgU+ZL25gfcEgAk1u64FlDMJXwF+VJpbWWyQzRWiWDuri6lIR3aXPJn7IyxBQ==",
      "dev": true,
      "optional": true
    },
    "@esbuild/win32-x64": {
      "version": "0.17.1",
      "resolved": "https://registry.npmjs.org/@esbuild/win32-x64/-/win32-x64-0.17.1.tgz",
      "integrity": "sha512-cxPkULF0VQRBKAaT6EpX5q1zLQJZk6bXsTDoVSN2lW8kITvQ12e3yI56aCE12OOtwPZ7L2WDN4yws9iG81Dzuw==",
      "dev": true,
      "optional": true
    },
    "@types/node": {
      "version": "17.0.23",
      "dev": true
    },
    "aws-cdk": {
      "version": "2.20.0",
      "dev": true,
      "requires": {
        "fsevents": "2.3.2"
      }
    },
    "aws-cdk-lib": {
      "version": "2.20.0",
      "requires": {
        "@balena/dockerignore": "^1.0.2",
        "case": "1.6.3",
        "fs-extra": "^9.1.0",
        "ignore": "^5.2.0",
        "jsonschema": "^1.4.0",
        "minimatch": "^3.1.2",
        "punycode": "^2.1.1",
        "semver": "^7.3.5",
        "yaml": "1.10.2"
      },
      "dependencies": {
        "@balena/dockerignore": {
          "version": "1.0.2",
          "bundled": true
        },
        "at-least-node": {
          "version": "1.0.0",
          "bundled": true
        },
        "balanced-match": {
          "version": "1.0.2",
          "bundled": true
        },
        "brace-expansion": {
          "version": "1.1.11",
          "bundled": true,
          "requires": {
            "balanced-match": "^1.0.0",
            "concat-map": "0.0.1"
          }
        },
        "case": {
          "version": "1.6.3",
          "bundled": true
        },
        "concat-map": {
          "version": "0.0.1",
          "bundled": true
        },
        "fs-extra": {
          "version": "9.1.0",
          "bundled": true,
          "requires": {
            "at-least-node": "^1.0.0",
            "graceful-fs": "^4.2.0",
            "jsonfile": "^6.0.1",
            "universalify": "^2.0.0"
          }
        },
        "graceful-fs": {
          "version": "4.2.9",
          "bundled": true
        },
        "ignore": {
          "version": "5.2.0",
          "bundled": true
        },
        "jsonfile": {
          "version": "6.1.0",
          "bundled": true,
          "requires": {
            "graceful-fs": "^4.1.6",
            "universalify": "^2.0.0"
          }
        },
        "jsonschema": {
          "version": "1.4.0",
          "bundled": true
        },
        "lru-cache": {
          "version": "6.0.0",
          "bundled": true,
          "requires": {
            "yallist": "^4.0.0"
          }
        },
        "minimatch": {
          "version": "3.1.2",
          "bundled": true,
          "requires": {
            "brace-expansion": "^1.1.7"
          }
        },
        "punycode": {
          "version": "2.1.1",
          "bundled": true
        },
        "semver": {
          "version": "7.3.5",
          "bundled": true,
          "requires": {
            "lru-cache": "^6.0.0"
          }
        },
        "universalify": {
          "version": "2.0.0",
          "bundled": true
        },
        "yallist": {
          "version": "4.0.0",
          "bundled": true
        },
        "yaml": {
          "version": "1.10.2",
          "bundled": true
        }
      }
    },
    "constructs": {
      "version": "10.0.112"
    },
    "esbuild": {
      "version": "0.17.1",
      "resolved": "https://registry.npmjs.org/esbuild/-/esbuild-0.17.1.tgz",
      "integrity": "sha512-4r4MuPOl9SOBwAgs6Q73qklLWZmYk7FMlidseFgCN3LVjq8pWt422LioUczLd9SYcMiiecikWvyDoCwbEXUbfw==",
      "dev": true,
      "requires": {
        "@esbuild/android-arm": "0.17.1",
        "@esbuild/android-arm64": "0.17.1",
        "@esbuild/android-x64": "0.17.1",
        "@esbuild/darwin-arm64": "0.17.1",
        "@esbuild/darwin-x64": "0.17.1",
        "@esbuild/freebsd-arm64": "0.17.1",
        "@esbuild/freebsd-x64": "0.17.1",
        "@esbuild/linux-arm": "0.17.1",
        "@esbuild/linux-arm64": "0.17.1",
        "@esbuild/linux-ia32": "0.17.1",
        "@esbuild/linux-loong64": "0.17.1",
        "@esbuild/linux-mips64el": "0.17.1",
        "@esbuild/linux-ppc64": "0.17.1",
        "@esbuild/linux-riscv64": "0.17.1",
        "@esbuild/linux-s390x": "0.17.1",
        "@esbuild/linux-x64": "0.17.1",
        "@esbuild/netbsd-x64": "0.17.1",
        "@esbuild/openbsd-x64": "0.17.1",
        "@esbuild/sunos-x64": "0.17.1",
        "@esbuild/win32-arm64": "0.17.1",
        "@esbuild/win32-ia32": "0.17.1",
        "@esbuild/win32-x64": "0.17.1"
      }
    },
    "fsevents": {
      "version": "2.3.2",
      "dev": true,
      "optional": true
    },
    "typescript": {
      "version": "4.7.4",
      "resolved": "https://registry.npmjs.org/typescript/-/typescript-4.7.4.tgz",
      "integrity": "sha512-C0WQT0gezHuw6AdY1M2jxUO83Rjf0HP7Sk1DtXj6j1EwkQNZrHAg2XPWlq62oqEhYvONq5pkC2Y9oPljWToLmQ==",
      "dev": true
    }
  }
}
