{
  "name": "api-lambda-crud-dynamodb",
  "version": "1.0.0",
  "lockfileVersion": 2,
  "requires": true,
  "packages": {
    "": {
      "name": "api-lambda-crud-dynamodb",
      "version": "1.0.0",
      "license": "MIT",
      "dependencies": {
        "aws-cdk-lib": "^2.0.0",
        "constructs": "^10.0.0"
      },
      "devDependencies": {
        "@types/node": "*",
        "aws-cdk": "*",
        "esbuild": "*",
        "typescript": "~4.7.4"
      }
    },
    "node_modules/@esbuild/linux-loong64": {
      "version": "0.15.1",
      "resolved": "https://registry.npmjs.org/@esbuild/linux-loong64/-/linux-loong64-0.15.1.tgz",
      "integrity": "sha512-1tORADNFK9QS4KYyUyh3Td9WGrdiI1rSoKvY6A43+9G0kPujBuT4lIGyoK0AweOSO1aRIR28xQUfiJCUa78bUw==",
      "cpu": [
        "loong64"
      ],
      "dev": true,
      "optional": true,
      "os": [
        "linux"
      ],
      "engines": {
        "node": ">=12"
      }
    },
    "node_modules/@types/node": {
      "version": "17.0.23",
      "dev": true,
      "license": "MIT"
    },
    "node_modules/aws-cdk": {
      "version": "2.20.0",
      "dev": true,
      "license": "Apache-2.0",
      "bin": {
        "cdk": "bin/cdk"
      },
      "engines": {
        "node": ">= 14.15.0"
      },
      "optionalDependencies": {
        "fsevents": "2.3.2"
      }
    },
    "node_modules/aws-cdk-lib": {
      "version": "2.20.0",
      "bundleDependencies": [
        "@balena/dockerignore",
        "case",
        "fs-extra",
        "ignore",
        "jsonschema",
        "minimatch",
        "punycode",
        "semver",
        "yaml"
      ],
      "license": "Apache-2.0",
      "dependencies": {
        "@balena/dockerignore": "^1.0.2",
        "case": "1.6.3",
        "fs-extra": "^9.1.0",
        "ignore": "^5.2.0",
        "jsonschema": "^1.4.0",
        "minimatch": "^3.1.2",
        "punycode": "^2.1.1",
        "semver": "^7.3.5",
        "yaml": "1.10.2"
      },
      "engines": {
        "node": ">= 14.15.0"
      },
      "peerDependencies": {
        "constructs": "^10.0.0"
      }
    },
    "node_modules/aws-cdk-lib/node_modules/@balena/dockerignore": {
      "version": "1.0.2",
      "inBundle": true,
      "license": "Apache-2.0"
    },
    "node_modules/aws-cdk-lib/node_modules/at-least-node": {
      "version": "1.0.0",
      "inBundle": true,
      "license": "ISC",
      "engines": {
        "node": ">= 4.0.0"
      }
    },
    "node_modules/aws-cdk-lib/node_modules/balanced-match": {
      "version": "1.0.2",
      "inBundle": true,
      "license": "MIT"
    },
    "node_modules/aws-cdk-lib/node_modules/brace-expansion": {
      "version": "1.1.11",
      "inBundle": true,
      "license": "MIT",
      "dependencies": {
        "balanced-match": "^1.0.0",
        "concat-map": "0.0.1"
      }
    },
    "node_modules/aws-cdk-lib/node_modules/case": {
      "version": "1.6.3",
      "inBundle": true,
      "license": "(MIT OR GPL-3.0-or-later)",
      "engines": {
        "node": ">= 0.8.0"
      }
    },
    "node_modules/aws-cdk-lib/node_modules/concat-map": {
      "version": "0.0.1",
      "inBundle": true,
      "license": "MIT"
    },
    "node_modules/aws-cdk-lib/node_modules/fs-extra": {
      "version": "9.1.0",
      "inBundle": true,
      "license": "MIT",
      "dependencies": {
        "at-least-node": "^1.0.0",
        "graceful-fs": "^4.2.0",
        "jsonfile": "^6.0.1",
        "universalify": "^2.0.0"
      },
      "engines": {
        "node": ">=10"
      }
    },
    "node_modules/aws-cdk-lib/node_modules/graceful-fs": {
      "version": "4.2.9",
      "inBundle": true,
      "license": "ISC"
    },
    "node_modules/aws-cdk-lib/node_modules/ignore": {
      "version": "5.2.0",
      "inBundle": true,
      "license": "MIT",
      "engines": {
        "node": ">= 4"
      }
    },
    "node_modules/aws-cdk-lib/node_modules/jsonfile": {
      "version": "6.1.0",
      "inBundle": true,
      "license": "MIT",
      "dependencies": {
        "universalify": "^2.0.0"
      },
      "optionalDependencies": {
        "graceful-fs": "^4.1.6"
      }
    },
    "node_modules/aws-cdk-lib/node_modules/jsonschema": {
      "version": "1.4.0",
      "inBundle": true,
      "license": "MIT",
      "engines": {
        "node": "*"
      }
    },
    "node_modules/aws-cdk-lib/node_modules/lru-cache": {
      "version": "6.0.0",
      "inBundle": true,
      "license": "ISC",
      "dependencies": {
        "yallist": "^4.0.0"
      },
      "engines": {
        "node": ">=10"
      }
    },
    "node_modules/aws-cdk-lib/node_modules/minimatch": {
      "version": "3.1.2",
      "inBundle": true,
      "license": "ISC",
      "dependencies": {
        "brace-expansion": "^1.1.7"
      },
      "engines": {
        "node": "*"
      }
    },
    "node_modules/aws-cdk-lib/node_modules/punycode": {
      "version": "2.1.1",
      "inBundle": true,
      "license": "MIT",
      "engines": {
        "node": ">=6"
      }
    },
    "node_modules/aws-cdk-lib/node_modules/semver": {
      "version": "7.3.5",
      "inBundle": true,
      "license": "ISC",
      "dependencies": {
        "lru-cache": "^6.0.0"
      },
      "bin": {
        "semver": "bin/semver.js"
      },
      "engines": {
        "node": ">=10"
      }
    },
    "node_modules/aws-cdk-lib/node_modules/universalify": {
      "version": "2.0.0",
      "inBundle": true,
      "license": "MIT",
      "engines": {
        "node": ">= 10.0.0"
      }
    },
    "node_modules/aws-cdk-lib/node_modules/yallist": {
      "version": "4.0.0",
      "inBundle": true,
      "license": "ISC"
    },
    "node_modules/aws-cdk-lib/node_modules/yaml": {
      "version": "1.10.2",
      "inBundle": true,
      "license": "ISC",
      "engines": {
        "node": ">= 6"
      }
    },
    "node_modules/constructs": {
      "version": "10.0.112",
      "license": "Apache-2.0",
      "engines": {
        "node": ">= 12.7.0"
      }
    },
    "node_modules/esbuild": {
      "version": "0.15.1",
      "resolved": "https://registry.npmjs.org/esbuild/-/esbuild-0.15.1.tgz",
      "integrity": "sha512-zgxo2st9wSbdiR6rTo44l/L7ohttqdXFmhUi5tE6yWahgdBjCwZjBgIkm/gr/TcBTTIwyzd7em8WI37yZ+F2Mg==",
      "dev": true,
      "hasInstallScript": true,
      "bin": {
        "esbuild": "bin/esbuild"
      },
      "engines": {
        "node": ">=12"
      },
      "optionalDependencies": {
        "@esbuild/linux-loong64": "0.15.1",
        "esbuild-android-64": "0.15.1",
        "esbuild-android-arm64": "0.15.1",
        "esbuild-darwin-64": "0.15.1",
        "esbuild-darwin-arm64": "0.15.1",
        "esbuild-freebsd-64": "0.15.1",
        "esbuild-freebsd-arm64": "0.15.1",
        "esbuild-linux-32": "0.15.1",
        "esbuild-linux-64": "0.15.1",
        "esbuild-linux-arm": "0.15.1",
        "esbuild-linux-arm64": "0.15.1",
        "esbuild-linux-mips64le": "0.15.1",
        "esbuild-linux-ppc64le": "0.15.1",
        "esbuild-linux-riscv64": "0.15.1",
        "esbuild-linux-s390x": "0.15.1",
        "esbuild-netbsd-64": "0.15.1",
        "esbuild-openbsd-64": "0.15.1",
        "esbuild-sunos-64": "0.15.1",
        "esbuild-windows-32": "0.15.1",
        "esbuild-windows-64": "0.15.1",
        "esbuild-windows-arm64": "0.15.1"
      }
    },
    "node_modules/esbuild-android-64": {
      "version": "0.15.1",
      "resolved": "https://registry.npmjs.org/esbuild-android-64/-/esbuild-android-64-0.15.1.tgz",
      "integrity": "sha512-q5kkJZsgLIkyh5e2ZJl4/kXKIueBKtjVMEihP9WCHadqhH6+F9qiycE7fBwUb/g2B15mYlmMBXjp8VmOT3J2gA==",
      "cpu": [
        "x64"
      ],
      "dev": true,
      "optional": true,
      "os": [
        "android"
      ],
      "engines": {
        "node": ">=12"
      }
    },
    "node_modules/esbuild-android-arm64": {
      "version": "0.15.1",
      "resolved": "https://registry.npmjs.org/esbuild-android-arm64/-/esbuild-android-arm64-0.15.1.tgz",
      "integrity": "sha512-IQuZOzqMaFceLlKJJA27CXAdh+Mzh2ZblHMmcNIu/wxb6iX1zgYXlPWle62iHnmNCtfAux1mzQvmNsP9aLhemA==",
      "cpu": [
        "arm64"
      ],
      "dev": true,
      "optional": true,
      "os": [
        "android"
      ],
      "engines": {
        "node": ">=12"
      }
    },
    "node_modules/esbuild-darwin-64": {
      "version": "0.15.1",
      "resolved": "https://registry.npmjs.org/esbuild-darwin-64/-/esbuild-darwin-64-0.15.1.tgz",
      "integrity": "sha512-tyouWLyxwM/Y2fy/reuIvAvVB+KVQwuY9IVyV7LH5CGkJYxgtLb8xVEiwHFF8TG2uo9a2fqdgWffados4YA6Aw==",
      "cpu": [
        "x64"
      ],
      "dev": true,
      "optional": true,
      "os": [
        "darwin"
      ],
      "engines": {
        "node": ">=12"
      }
    },
    "node_modules/esbuild-darwin-arm64": {
      "version": "0.15.1",
      "resolved": "https://registry.npmjs.org/esbuild-darwin-arm64/-/esbuild-darwin-arm64-0.15.1.tgz",
      "integrity": "sha512-fb4V1eB1nir3zJwsS75itsbahkbM71XuqUDJVH8iyBLS8VIQD7MWWAAekea2l9keueGfsn0+wTyDluMT+kg8Cw==",
      "cpu": [
        "arm64"
      ],
      "dev": true,
      "optional": true,
      "os": [
        "darwin"
      ],
      "engines": {
        "node": ">=12"
      }
    },
    "node_modules/esbuild-freebsd-64": {
      "version": "0.15.1",
      "resolved": "https://registry.npmjs.org/esbuild-freebsd-64/-/esbuild-freebsd-64-0.15.1.tgz",
      "integrity": "sha512-1KxEv/FUPlQtUSOjFCwR8FVNEskB5LmkbfW9FNJ7lhpG+4RsLiHWw4Sl2Y1/S+aKX7inyWxLA05zYV6XAzO8DA==",
      "cpu": [
        "x64"
      ],
      "dev": true,
      "optional": true,
      "os": [
        "freebsd"
      ],
      "engines": {
        "node": ">=12"
      }
    },
    "node_modules/esbuild-freebsd-arm64": {
      "version": "0.15.1",
      "resolved": "https://registry.npmjs.org/esbuild-freebsd-arm64/-/esbuild-freebsd-arm64-0.15.1.tgz",
      "integrity": "sha512-ueUMGSNrcuHwAadioxBdfOCO4+bTVeI68a147BQ/AFFIrf4XJNow4UXxguvQlZO+ZYaVz6EztaL6mHslKie2Rw==",
      "cpu": [
        "arm64"
      ],
      "dev": true,
      "optional": true,
      "os": [
        "freebsd"
      ],
      "engines": {
        "node": ">=12"
      }
    },
    "node_modules/esbuild-linux-32": {
      "version": "0.15.1",
      "resolved": "https://registry.npmjs.org/esbuild-linux-32/-/esbuild-linux-32-0.15.1.tgz",
      "integrity": "sha512-K5WWcN2OZkZ6arFN3+hi1leKc0at9ukKGrXK9Ia94kQOesBphTSmsNK/Gy/AoVoIa0bWrHtxDijS9j9+dz86oA==",
      "cpu": [
        "ia32"
      ],
      "dev": true,
      "optional": true,
      "os": [
        "linux"
      ],
      "engines": {
        "node": ">=12"
      }
    },
    "node_modules/esbuild-linux-64": {
      "version": "0.15.1",
      "resolved": "https://registry.npmjs.org/esbuild-linux-64/-/esbuild-linux-64-0.15.1.tgz",
      "integrity": "sha512-+haiVm83DfRi9x8M+GgR4f4LtSN8lnEIG8XMGK8/FYpkYNQiKb398GxeHp2yvoMpX8IPvmWCt215tAm5BBNfZQ==",
      "cpu": [
        "x64"
      ],
      "dev": true,
      "optional": true,
      "os": [
        "linux"
      ],
      "engines": {
        "node": ">=12"
      }
    },
    "node_modules/esbuild-linux-arm": {
      "version": "0.15.1",
      "resolved": "https://registry.npmjs.org/esbuild-linux-arm/-/esbuild-linux-arm-0.15.1.tgz",
      "integrity": "sha512-qjAkEDcFhVNYwG2xgaDg/hA8JABoMvjzAzE6g1K8kR516oNkKbVf6rN68UrsQaV1zq1qR3dbVeMv/Ul2bheppA==",
      "cpu": [
        "arm"
      ],
      "dev": true,
      "optional": true,
      "os": [
        "linux"
      ],
      "engines": {
        "node": ">=12"
      }
    },
    "node_modules/esbuild-linux-arm64": {
      "version": "0.15.1",
      "resolved": "https://registry.npmjs.org/esbuild-linux-arm64/-/esbuild-linux-arm64-0.15.1.tgz",
      "integrity": "sha512-TP0BCVZEVu/aoVaZe2sn1vpvo63j0LPiH8rvd7AegqOfTwb+mcxLxpgyYwkibafUCMxnIrKdUTsSJeusoMhcLg==",
      "cpu": [
        "arm64"
      ],
      "dev": true,
      "optional": true,
      "os": [
        "linux"
      ],
      "engines": {
        "node": ">=12"
      }
    },
    "node_modules/esbuild-linux-mips64le": {
      "version": "0.15.1",
      "resolved": "https://registry.npmjs.org/esbuild-linux-mips64le/-/esbuild-linux-mips64le-0.15.1.tgz",
      "integrity": "sha512-8vzQzp+kwrn1Y+OjvfFaLS8uL8aR39WnAtxOHwjB72s9g18kHFlE8IQLS9dWDQgKpBSFq9kazsJE65dSVmz+VA==",
      "cpu": [
        "mips64el"
      ],
      "dev": true,
      "optional": true,
      "os": [
        "linux"
      ],
      "engines": {
        "node": ">=12"
      }
    },
    "node_modules/esbuild-linux-ppc64le": {
      "version": "0.15.1",
      "resolved": "https://registry.npmjs.org/esbuild-linux-ppc64le/-/esbuild-linux-ppc64le-0.15.1.tgz",
      "integrity": "sha512-QlWSOgC2Ad53Xvf7ZivXU7wM2y29YhQUrd50PjK0QJ3psh/eYSQx77PTe1iWm7Ovjiqv1wPKEAyC7CbyJUgriw==",
      "cpu": [
        "ppc64"
      ],
      "dev": true,
      "optional": true,
      "os": [
        "linux"
      ],
      "engines": {
        "node": ">=12"
      }
    },
    "node_modules/esbuild-linux-riscv64": {
      "version": "0.15.1",
      "resolved": "https://registry.npmjs.org/esbuild-linux-riscv64/-/esbuild-linux-riscv64-0.15.1.tgz",
      "integrity": "sha512-/PRNgNsiwb7G2n3rB5WcHinCwKj0OqUmtu8cdakV4CLNWnFnfChEGEJX1x5n8RcGD3xPUlI5CgqFe0/oBcUh+A==",
      "cpu": [
        "riscv64"
      ],
      "dev": true,
      "optional": true,
      "os": [
        "linux"
      ],
      "engines": {
        "node": ">=12"
      }
    },
    "node_modules/esbuild-linux-s390x": {
      "version": "0.15.1",
      "resolved": "https://registry.npmjs.org/esbuild-linux-s390x/-/esbuild-linux-s390x-0.15.1.tgz",
      "integrity": "sha512-TScRbO4mi4AUUXzIQ8sb6ZXhGkCb/PlJ82qFfBE6xxsioae/d6XaSdaha/+OUTvmPeoro3lNf3vwdw27v3wEgw==",
      "cpu": [
        "s390x"
      ],
      "dev": true,
      "optional": true,
      "os": [
        "linux"
      ],
      "engines": {
        "node": ">=12"
      }
    },
    "node_modules/esbuild-netbsd-64": {
      "version": "0.15.1",
      "resolved": "https://registry.npmjs.org/esbuild-netbsd-64/-/esbuild-netbsd-64-0.15.1.tgz",
      "integrity": "sha512-ES2pbK8QfsMZbdPkgjkLwWfnEGtPa0vYzVFLQn7GFgP+RiemY+ulH7WWQ8ezMt9rZl4XAR3y14yKLGX0gsBLaw==",
      "cpu": [
        "x64"
      ],
      "dev": true,
      "optional": true,
      "os": [
        "netbsd"
      ],
      "engines": {
        "node": ">=12"
      }
    },
    "node_modules/esbuild-openbsd-64": {
      "version": "0.15.1",
      "resolved": "https://registry.npmjs.org/esbuild-openbsd-64/-/esbuild-openbsd-64-0.15.1.tgz",
      "integrity": "sha512-DxNWji11AxSEny4HzSKu21Skia8tEPQI1N+XO/RqVOJComOvsFLq+QeooKsK2caOsQIKl9mO14Hh+px+zFabMA==",
      "cpu": [
        "x64"
      ],
      "dev": true,
      "optional": true,
      "os": [
        "openbsd"
      ],
      "engines": {
        "node": ">=12"
      }
    },
    "node_modules/esbuild-sunos-64": {
      "version": "0.15.1",
      "resolved": "https://registry.npmjs.org/esbuild-sunos-64/-/esbuild-sunos-64-0.15.1.tgz",
      "integrity": "sha512-lwZoWlv893qtQQx5H4QQCh2mcYzGbxEz09ESFdd4cHcUCfjb193bSAy6jPxW2efBx2fHEo2sw43TRtAkpCf+XQ==",
      "cpu": [
        "x64"
      ],
      "dev": true,
      "optional": true,
      "os": [
        "sunos"
      ],
      "engines": {
        "node": ">=12"
      }
    },
    "node_modules/esbuild-windows-32": {
      "version": "0.15.1",
      "resolved": "https://registry.npmjs.org/esbuild-windows-32/-/esbuild-windows-32-0.15.1.tgz",
      "integrity": "sha512-jEFz8DxP+Hh67fk9XMoyLUqPjjoCT6m4bnl36aze0XpPZDuQm0SBDlG/ciOBCjzHDsu/MYUNwxVezvUT3sXh1A==",
      "cpu": [
        "ia32"
      ],
      "dev": true,
      "optional": true,
      "os": [
        "win32"
      ],
      "engines": {
        "node": ">=12"
      }
    },
    "node_modules/esbuild-windows-64": {
      "version": "0.15.1",
      "resolved": "https://registry.npmjs.org/esbuild-windows-64/-/esbuild-windows-64-0.15.1.tgz",
      "integrity": "sha512-bUetnfw4xXKBTOQx4sTzoENJVEdgAN29ZTLRtnMseRzsMO8pjObQMsRPpPL3Cstt6FJhj3k3uScHc5VnfC9QkA==",
      "cpu": [
        "x64"
      ],
      "dev": true,
      "optional": true,
      "os": [
        "win32"
      ],
      "engines": {
        "node": ">=12"
      }
    },
    "node_modules/esbuild-windows-arm64": {
      "version": "0.15.1",
      "resolved": "https://registry.npmjs.org/esbuild-windows-arm64/-/esbuild-windows-arm64-0.15.1.tgz",
      "integrity": "sha512-oN0JMj7fQZOiqJ/f/wc8lkxjvWwj5Yz0ZhOeU90JFaPZAfafNnysi6GS95glY5uwLUUJz/RNc84cb0dK2qT89A==",
      "cpu": [
        "arm64"
      ],
      "dev": true,
      "optional": true,
      "os": [
        "win32"
      ],
      "engines": {
        "node": ">=12"
      }
    },
    "node_modules/fsevents": {
      "version": "2.3.2",
      "dev": true,
      "license": "MIT",
      "optional": true,
      "os": [
        "darwin"
      ],
      "engines": {
        "node": "^8.16.0 || ^10.6.0 || >=11.0.0"
      }
    },
    "node_modules/typescript": {
      "version": "4.7.4",
      "resolved": "https://registry.npmjs.org/typescript/-/typescript-4.7.4.tgz",
      "integrity": "sha512-C0WQT0gezHuw6AdY1M2jxUO83Rjf0HP7Sk1DtXj6j1EwkQNZrHAg2XPWlq62oqEhYvONq5pkC2Y9oPljWToLmQ==",
      "dev": true,
      "bin": {
        "tsc": "bin/tsc",
        "tsserver": "bin/tsserver"
      },
      "engines": {
        "node": ">=4.2.0"
      }
    }
  },
  "dependencies": {
    "@esbuild/linux-loong64": {
      "version": "0.15.1",
      "resolved": "https://registry.npmjs.org/@esbuild/linux-loong64/-/linux-loong64-0.15.1.tgz",
      "integrity": "sha512-1tORADNFK9QS4KYyUyh3Td9WGrdiI1rSoKvY6A43+9G0kPujBuT4lIGyoK0AweOSO1aRIR28xQUfiJCUa78bUw==",
      "dev": true,
      "optional": true
    },
    "@types/node": {
      "version": "17.0.23",
      "dev": true
    },
    "aws-cdk": {
      "version": "2.20.0",
      "dev": true,
      "requires": {
        "fsevents": "2.3.2"
      }
    },
    "aws-cdk-lib": {
      "version": "2.20.0",
      "requires": {
        "@balena/dockerignore": "^1.0.2",
        "case": "1.6.3",
        "fs-extra": "^9.1.0",
        "ignore": "^5.2.0",
        "jsonschema": "^1.4.0",
        "minimatch": "^3.1.2",
        "punycode": "^2.1.1",
        "semver": "^7.3.5",
        "yaml": "1.10.2"
      },
      "dependencies": {
        "@balena/dockerignore": {
          "version": "1.0.2",
          "bundled": true
        },
        "at-least-node": {
          "version": "1.0.0",
          "bundled": true
        },
        "balanced-match": {
          "version": "1.0.2",
          "bundled": true
        },
        "brace-expansion": {
          "version": "1.1.11",
          "bundled": true,
          "requires": {
            "balanced-match": "^1.0.0",
            "concat-map": "0.0.1"
          }
        },
        "case": {
          "version": "1.6.3",
          "bundled": true
        },
        "concat-map": {
          "version": "0.0.1",
          "bundled": true
        },
        "fs-extra": {
          "version": "9.1.0",
          "bundled": true,
          "requires": {
            "at-least-node": "^1.0.0",
            "graceful-fs": "^4.2.0",
            "jsonfile": "^6.0.1",
            "universalify": "^2.0.0"
          }
        },
        "graceful-fs": {
          "version": "4.2.9",
          "bundled": true
        },
        "ignore": {
          "version": "5.2.0",
          "bundled": true
        },
        "jsonfile": {
          "version": "6.1.0",
          "bundled": true,
          "requires": {
            "graceful-fs": "^4.1.6",
            "universalify": "^2.0.0"
          }
        },
        "jsonschema": {
          "version": "1.4.0",
          "bundled": true
        },
        "lru-cache": {
          "version": "6.0.0",
          "bundled": true,
          "requires": {
            "yallist": "^4.0.0"
          }
        },
        "minimatch": {
          "version": "3.1.2",
          "bundled": true,
          "requires": {
            "brace-expansion": "^1.1.7"
          }
        },
        "punycode": {
          "version": "2.1.1",
          "bundled": true
        },
        "semver": {
          "version": "7.3.5",
          "bundled": true,
          "requires": {
            "lru-cache": "^6.0.0"
          }
        },
        "universalify": {
          "version": "2.0.0",
          "bundled": true
        },
        "yallist": {
          "version": "4.0.0",
          "bundled": true
        },
        "yaml": {
          "version": "1.10.2",
          "bundled": true
        }
      }
    },
    "constructs": {
      "version": "10.0.112"
    },
    "esbuild": {
      "version": "0.15.1",
      "resolved": "https://registry.npmjs.org/esbuild/-/esbuild-0.15.1.tgz",
      "integrity": "sha512-zgxo2st9wSbdiR6rTo44l/L7ohttqdXFmhUi5tE6yWahgdBjCwZjBgIkm/gr/TcBTTIwyzd7em8WI37yZ+F2Mg==",
      "dev": true,
      "requires": {
        "@esbuild/linux-loong64": "0.15.1",
        "esbuild-android-64": "0.15.1",
        "esbuild-android-arm64": "0.15.1",
        "esbuild-darwin-64": "0.15.1",
        "esbuild-darwin-arm64": "0.15.1",
        "esbuild-freebsd-64": "0.15.1",
        "esbuild-freebsd-arm64": "0.15.1",
        "esbuild-linux-32": "0.15.1",
        "esbuild-linux-64": "0.15.1",
        "esbuild-linux-arm": "0.15.1",
        "esbuild-linux-arm64": "0.15.1",
        "esbuild-linux-mips64le": "0.15.1",
        "esbuild-linux-ppc64le": "0.15.1",
        "esbuild-linux-riscv64": "0.15.1",
        "esbuild-linux-s390x": "0.15.1",
        "esbuild-netbsd-64": "0.15.1",
        "esbuild-openbsd-64": "0.15.1",
        "esbuild-sunos-64": "0.15.1",
        "esbuild-windows-32": "0.15.1",
        "esbuild-windows-64": "0.15.1",
        "esbuild-windows-arm64": "0.15.1"
      }
    },
    "esbuild-android-64": {
      "version": "0.15.1",
      "resolved": "https://registry.npmjs.org/esbuild-android-64/-/esbuild-android-64-0.15.1.tgz",
      "integrity": "sha512-q5kkJZsgLIkyh5e2ZJl4/kXKIueBKtjVMEihP9WCHadqhH6+F9qiycE7fBwUb/g2B15mYlmMBXjp8VmOT3J2gA==",
      "dev": true,
      "optional": true
    },
    "esbuild-android-arm64": {
      "version": "0.15.1",
      "resolved": "https://registry.npmjs.org/esbuild-android-arm64/-/esbuild-android-arm64-0.15.1.tgz",
      "integrity": "sha512-IQuZOzqMaFceLlKJJA27CXAdh+Mzh2ZblHMmcNIu/wxb6iX1zgYXlPWle62iHnmNCtfAux1mzQvmNsP9aLhemA==",
      "dev": true,
      "optional": true
    },
    "esbuild-darwin-64": {
      "version": "0.15.1",
      "resolved": "https://registry.npmjs.org/esbuild-darwin-64/-/esbuild-darwin-64-0.15.1.tgz",
      "integrity": "sha512-tyouWLyxwM/Y2fy/reuIvAvVB+KVQwuY9IVyV7LH5CGkJYxgtLb8xVEiwHFF8TG2uo9a2fqdgWffados4YA6Aw==",
      "dev": true,
      "optional": true
    },
    "esbuild-darwin-arm64": {
      "version": "0.15.1",
      "resolved": "https://registry.npmjs.org/esbuild-darwin-arm64/-/esbuild-darwin-arm64-0.15.1.tgz",
      "integrity": "sha512-fb4V1eB1nir3zJwsS75itsbahkbM71XuqUDJVH8iyBLS8VIQD7MWWAAekea2l9keueGfsn0+wTyDluMT+kg8Cw==",
      "dev": true,
      "optional": true
    },
    "esbuild-freebsd-64": {
      "version": "0.15.1",
      "resolved": "https://registry.npmjs.org/esbuild-freebsd-64/-/esbuild-freebsd-64-0.15.1.tgz",
      "integrity": "sha512-1KxEv/FUPlQtUSOjFCwR8FVNEskB5LmkbfW9FNJ7lhpG+4RsLiHWw4Sl2Y1/S+aKX7inyWxLA05zYV6XAzO8DA==",
      "dev": true,
      "optional": true
    },
    "esbuild-freebsd-arm64": {
      "version": "0.15.1",
      "resolved": "https://registry.npmjs.org/esbuild-freebsd-arm64/-/esbuild-freebsd-arm64-0.15.1.tgz",
      "integrity": "sha512-ueUMGSNrcuHwAadioxBdfOCO4+bTVeI68a147BQ/AFFIrf4XJNow4UXxguvQlZO+ZYaVz6EztaL6mHslKie2Rw==",
      "dev": true,
      "optional": true
    },
    "esbuild-linux-32": {
      "version": "0.15.1",
      "resolved": "https://registry.npmjs.org/esbuild-linux-32/-/esbuild-linux-32-0.15.1.tgz",
      "integrity": "sha512-K5WWcN2OZkZ6arFN3+hi1leKc0at9ukKGrXK9Ia94kQOesBphTSmsNK/Gy/AoVoIa0bWrHtxDijS9j9+dz86oA==",
      "dev": true,
      "optional": true
    },
    "esbuild-linux-64": {
      "version": "0.15.1",
      "resolved": "https://registry.npmjs.org/esbuild-linux-64/-/esbuild-linux-64-0.15.1.tgz",
      "integrity": "sha512-+haiVm83DfRi9x8M+GgR4f4LtSN8lnEIG8XMGK8/FYpkYNQiKb398GxeHp2yvoMpX8IPvmWCt215tAm5BBNfZQ==",
      "dev": true,
      "optional": true
    },
    "esbuild-linux-arm": {
      "version": "0.15.1",
      "resolved": "https://registry.npmjs.org/esbuild-linux-arm/-/esbuild-linux-arm-0.15.1.tgz",
      "integrity": "sha512-qjAkEDcFhVNYwG2xgaDg/hA8JABoMvjzAzE6g1K8kR516oNkKbVf6rN68UrsQaV1zq1qR3dbVeMv/Ul2bheppA==",
      "dev": true,
      "optional": true
    },
    "esbuild-linux-arm64": {
      "version": "0.15.1",
      "resolved": "https://registry.npmjs.org/esbuild-linux-arm64/-/esbuild-linux-arm64-0.15.1.tgz",
      "integrity": "sha512-TP0BCVZEVu/aoVaZe2sn1vpvo63j0LPiH8rvd7AegqOfTwb+mcxLxpgyYwkibafUCMxnIrKdUTsSJeusoMhcLg==",
      "dev": true,
      "optional": true
    },
    "esbuild-linux-mips64le": {
      "version": "0.15.1",
      "resolved": "https://registry.npmjs.org/esbuild-linux-mips64le/-/esbuild-linux-mips64le-0.15.1.tgz",
      "integrity": "sha512-8vzQzp+kwrn1Y+OjvfFaLS8uL8aR39WnAtxOHwjB72s9g18kHFlE8IQLS9dWDQgKpBSFq9kazsJE65dSVmz+VA==",
      "dev": true,
      "optional": true
    },
    "esbuild-linux-ppc64le": {
      "version": "0.15.1",
      "resolved": "https://registry.npmjs.org/esbuild-linux-ppc64le/-/esbuild-linux-ppc64le-0.15.1.tgz",
      "integrity": "sha512-QlWSOgC2Ad53Xvf7ZivXU7wM2y29YhQUrd50PjK0QJ3psh/eYSQx77PTe1iWm7Ovjiqv1wPKEAyC7CbyJUgriw==",
      "dev": true,
      "optional": true
    },
    "esbuild-linux-riscv64": {
      "version": "0.15.1",
      "resolved": "https://registry.npmjs.org/esbuild-linux-riscv64/-/esbuild-linux-riscv64-0.15.1.tgz",
      "integrity": "sha512-/PRNgNsiwb7G2n3rB5WcHinCwKj0OqUmtu8cdakV4CLNWnFnfChEGEJX1x5n8RcGD3xPUlI5CgqFe0/oBcUh+A==",
      "dev": true,
      "optional": true
    },
    "esbuild-linux-s390x": {
      "version": "0.15.1",
      "resolved": "https://registry.npmjs.org/esbuild-linux-s390x/-/esbuild-linux-s390x-0.15.1.tgz",
      "integrity": "sha512-TScRbO4mi4AUUXzIQ8sb6ZXhGkCb/PlJ82qFfBE6xxsioae/d6XaSdaha/+OUTvmPeoro3lNf3vwdw27v3wEgw==",
      "dev": true,
      "optional": true
    },
    "esbuild-netbsd-64": {
      "version": "0.15.1",
      "resolved": "https://registry.npmjs.org/esbuild-netbsd-64/-/esbuild-netbsd-64-0.15.1.tgz",
      "integrity": "sha512-ES2pbK8QfsMZbdPkgjkLwWfnEGtPa0vYzVFLQn7GFgP+RiemY+ulH7WWQ8ezMt9rZl4XAR3y14yKLGX0gsBLaw==",
      "dev": true,
      "optional": true
    },
    "esbuild-openbsd-64": {
      "version": "0.15.1",
      "resolved": "https://registry.npmjs.org/esbuild-openbsd-64/-/esbuild-openbsd-64-0.15.1.tgz",
      "integrity": "sha512-DxNWji11AxSEny4HzSKu21Skia8tEPQI1N+XO/RqVOJComOvsFLq+QeooKsK2caOsQIKl9mO14Hh+px+zFabMA==",
      "dev": true,
      "optional": true
    },
    "esbuild-sunos-64": {
      "version": "0.15.1",
      "resolved": "https://registry.npmjs.org/esbuild-sunos-64/-/esbuild-sunos-64-0.15.1.tgz",
      "integrity": "sha512-lwZoWlv893qtQQx5H4QQCh2mcYzGbxEz09ESFdd4cHcUCfjb193bSAy6jPxW2efBx2fHEo2sw43TRtAkpCf+XQ==",
      "dev": true,
      "optional": true
    },
    "esbuild-windows-32": {
      "version": "0.15.1",
      "resolved": "https://registry.npmjs.org/esbuild-windows-32/-/esbuild-windows-32-0.15.1.tgz",
      "integrity": "sha512-jEFz8DxP+Hh67fk9XMoyLUqPjjoCT6m4bnl36aze0XpPZDuQm0SBDlG/ciOBCjzHDsu/MYUNwxVezvUT3sXh1A==",
      "dev": true,
      "optional": true
    },
    "esbuild-windows-64": {
      "version": "0.15.1",
      "resolved": "https://registry.npmjs.org/esbuild-windows-64/-/esbuild-windows-64-0.15.1.tgz",
      "integrity": "sha512-bUetnfw4xXKBTOQx4sTzoENJVEdgAN29ZTLRtnMseRzsMO8pjObQMsRPpPL3Cstt6FJhj3k3uScHc5VnfC9QkA==",
      "dev": true,
      "optional": true
    },
    "esbuild-windows-arm64": {
      "version": "0.15.1",
      "resolved": "https://registry.npmjs.org/esbuild-windows-arm64/-/esbuild-windows-arm64-0.15.1.tgz",
      "integrity": "sha512-oN0JMj7fQZOiqJ/f/wc8lkxjvWwj5Yz0ZhOeU90JFaPZAfafNnysi6GS95glY5uwLUUJz/RNc84cb0dK2qT89A==",
      "dev": true,
      "optional": true
    },
    "fsevents": {
      "version": "2.3.2",
      "dev": true,
      "optional": true
    },
    "typescript": {
      "version": "4.7.4",
      "resolved": "https://registry.npmjs.org/typescript/-/typescript-4.7.4.tgz",
      "integrity": "sha512-C0WQT0gezHuw6AdY1M2jxUO83Rjf0HP7Sk1DtXj6j1EwkQNZrHAg2XPWlq62oqEhYvONq5pkC2Y9oPljWToLmQ==",
      "dev": true
    }
  }
}
